dependencies:
- name: loki
  repository: https://grafana.github.io/helm-charts
  version: 2.16.0
- name: fluent-bit
  repository: https://grafana.github.io/helm-charts
  version: 2.3.2
- name: grafana
  repository: https://grafana.github.io/helm-charts
  version: 6.24.1
- name: prometheus
  repository: https://prometheus-community.github.io/helm-charts
  version: 15.5.4
digest: sha256:0e777b607674c95190a6b85f67a0af230e5e57c1b207eff269feb76e0b878457
generated: "2022-10-19T00:28:09.608153+03:00"
